
Microsoft Visual Studio Solution File, Format Version 12.00
# Visual Studio Version 16
VisualStudioVersion = 16.0.30413.136
MinimumVisualStudioVersion = 10.0.40219.1
Project("{FAE04EC0-301F-11D3-BF4B-00C04F79EFBC}") = "SBOutputController", "SBOutputController\SBOutputController.csproj", "{BEE89AB0-22F1-432C-8A11-16251BF2686F}"
EndProject
Global
	GlobalSection(SolutionConfigurationPlatforms) = preSolution
		Debug|Any CPU = Debug|Any CPU
		Debug|x86 = Debug|x86
		Release|Any CPU = Release|Any CPU
		Release|x86 = Release|x86
	EndGlobalSection
	GlobalSection(ProjectConfigurationPlatforms) = postSolution
		{BEE89AB0-22F1-432C-8A11-16251BF2686F}.Debug|Any CPU.ActiveCfg = Debug|Any CPU
		{BEE89AB0-22F1-432C-8A11-16251BF2686F}.Debug|Any CPU.Build.0 = Debug|Any CPU
		{BEE89AB0-22F1-432C-8A11-16251BF2686F}.Debug|x86.ActiveCfg = Debug|x86
		{BEE89AB0-22F1-432C-8A11-16251BF2686F}.Debug|x86.Build.0 = Debug|x86
		{BEE89AB0-22F1-432C-8A11-16251BF2686F}.Release|Any CPU.ActiveCfg = Release|Any CPU
		{BEE89AB0-22F1-432C-8A11-16251BF2686F}.Release|Any CPU.Build.0 = Release|Any CPU
		{BEE89AB0-22F1-432C-8A11-16251BF2686F}.Release|x86.ActiveCfg = Release|x86
		{BEE89AB0-22F1-432C-8A11-16251BF2686F}.Release|x86.Build.0 = Release|x86
	EndGlobalSection
	GlobalSection(SolutionProperties) = preSolution
		HideSolutionNode = FALSE
	EndGlobalSection
	GlobalSection(ExtensibilityGlobals) = postSolution
		SolutionGuid = {BE12F71D-DDD4-46D0-B073-E822E9533D58}
	EndGlobalSection
EndGlobal
